
Microsoft Visual Studio Solution File, Format Version 12.00
# Visual Studio Version 17
VisualStudioVersion = 17.10.35027.167
MinimumVisualStudioVersion = 10.0.40219.1
Project("{FAE04EC0-301F-11D3-BF4B-00C04F79EFBC}") = "pryTissera_20250509", "pryTissera_20250509\pryTissera_20250509.csproj", "{4C34FD6B-9252-48FE-B885-BB426D3E2AAB}"
EndProject
Global
	GlobalSection(SolutionConfigurationPlatforms) = preSolution
		Debug|Any CPU = Debug|Any CPU
		Release|Any CPU = Release|Any CPU
	EndGlobalSection
	GlobalSection(ProjectConfigurationPlatforms) = postSolution
		{4C34FD6B-9252-48FE-B885-BB426D3E2AAB}.Debug|Any CPU.ActiveCfg = Debug|Any CPU
		{4C34FD6B-9252-48FE-B885-BB426D3E2AAB}.Debug|Any CPU.Build.0 = Debug|Any CPU
		{4C34FD6B-9252-48FE-B885-BB426D3E2AAB}.Release|Any CPU.ActiveCfg = Release|Any CPU
		{4C34FD6B-9252-48FE-B885-BB426D3E2AAB}.Release|Any CPU.Build.0 = Release|Any CPU
	EndGlobalSection
	GlobalSection(SolutionProperties) = preSolution
		HideSolutionNode = FALSE
	EndGlobalSection
	GlobalSection(ExtensibilityGlobals) = postSolution
		SolutionGuid = {F7124CAB-9901-4594-AD2D-BB0D45DF2CD2}
	EndGlobalSection
EndGlobal
